{ "classes" = {  };
"objectVersion" = "46";
"archiveVersion" = "1";
"objects" = { "88BD70941B9E88AE00192AAA" = { "path" = "FastlaneDemoTests";
"isa" = "PBXGroup";
"children" = ( "88BD70971B9E88AE00192AAA","88BD70951B9E88AE00192AAA" );
"sourceTree" = "<group>";
 };
"88A8E9511B9F4B070032C910" = { "isa" = "XCBuildConfiguration";
"buildSettings" = { "ENABLE_NS_ASSERTIONS" = "NO";
"SCHEME_BUNDLE_ID" = "com.jsb.FastlaneDemo";
"CLANG_WARN_DIRECT_OBJC_ISA_USAGE" = "YES_ERROR";
"CLANG_ENABLE_OBJC_ARC" = "YES";
"CLANG_CXX_LIBRARY" = "libc++";
"CLANG_WARN__DUPLICATE_METHOD_MATCH" = "YES";
"SDKROOT" = "iphoneos";
"CLANG_CXX_LANGUAGE_STANDARD" = "gnu++0x";
"CODE_SIGN_IDENTITY" = "iPhone Distribution";
"CLANG_WARN_BOOL_CONVERSION" = "YES";
"CLANG_WARN_UNREACHABLE_CODE" = "YES";
"ENABLE_STRICT_OBJC_MSGSEND" = "YES";
"CLANG_WARN_ENUM_CONVERSION" = "YES";
"GCC_WARN_64_TO_32_BIT_CONVERSION" = "YES";
"GCC_WARN_UNINITIALIZED_AUTOS" = "YES_AGGRESSIVE";
"CLANG_WARN_EMPTY_BODY" = "YES";
"GCC_WARN_ABOUT_RETURN_TYPE" = "YES_ERROR";
"OTHER_SWIFT_FLAGS" = "-DQA -DJSB";
"GCC_WARN_UNUSED_VARIABLE" = "YES";
"GCC_C_LANGUAGE_STANDARD" = "gnu99";
"CLANG_ENABLE_MODULES" = "YES";
"GCC_NO_COMMON_BLOCKS" = "YES";
"CLANG_WARN_INT_CONVERSION" = "YES";
"MTL_ENABLE_DEBUG_INFO" = "NO";
"TARGETED_DEVICE_FAMILY" = "1,2";
"ALWAYS_SEARCH_USER_PATHS" = "NO";
"COPY_PHASE_STRIP" = "NO";
"CLANG_WARN_CONSTANT_CONVERSION" = "YES";
"CLANG_WARN_OBJC_ROOT_CLASS" = "YES_ERROR";
"VALIDATE_PRODUCT" = "YES";
"PROVISIONING_PROFILE" = "aed0641d-8f3b-401f-83ad-2c2acd63175f";
"GCC_WARN_UNUSED_FUNCTION" = "YES";
"DEBUG_INFORMATION_FORMAT" = "dwarf-with-dsym";
"IPHONEOS_DEPLOYMENT_TARGET" = "8.4";
"GCC_WARN_UNDECLARED_SELECTOR" = "YES";
 };
"name" = "QA-SK";
 };
"88CEA0691B9EA4F800F0A895" = { "isa" = "XCBuildConfiguration";
"buildSettings" = { "CODE_SIGN_RESOURCE_RULES_PATH[sdk=*]" = "$(SDKROOT)/ResourceRules.plist";
"FRAMEWORK_SEARCH_PATHS" = ( "$(SDKROOT)/Developer/Library/Frameworks","$(inherited)" );
"TEST_HOST" = "$(BUILT_PRODUCTS_DIR)/FastlaneDemo.app/FastlaneDemo";
"LD_RUNPATH_SEARCH_PATHS" = "$(inherited) @executable_path/Frameworks @loader_path/Frameworks";
"INFOPLIST_FILE" = "FastlaneDemoTests/Info.plist";
"PROVISIONING_PROFILE" = "f3cf766c-5dd0-4553-8ae9-26934b00b7b8";
"BUNDLE_LOADER" = "$(TEST_HOST)";
"PRODUCT_NAME" = "$(TARGET_NAME)";
 };
"name" = "QA-JB";
 };
"88BD708E1B9E88AE00192AAA" = { "isa" = "PBXFrameworksBuildPhase";
"buildActionMask" = "2147483647";
"files" = (  );
"runOnlyForDeploymentPostprocessing" = "0";
 };
"88BD70851B9E88AE00192AAA" = { "isa" = "PBXVariantGroup";
"name" = "Main.storyboard";
"children" = ( "88BD70861B9E88AE00192AAA" );
"sourceTree" = "<group>";
 };
"88BD70801B9E88AE00192AAA" = { "path" = "Info.plist";
"isa" = "PBXFileReference";
"lastKnownFileType" = "text.plist.xml";
"sourceTree" = "<group>";
 };
"88A8E94E1B9F4AF50032C910" = { "isa" = "XCBuildConfiguration";
"buildSettings" = { "ENABLE_NS_ASSERTIONS" = "NO";
"SCHEME_BUNDLE_ID" = "com.jesseblack.FastlaneDemo";
"CLANG_WARN_DIRECT_OBJC_ISA_USAGE" = "YES_ERROR";
"CLANG_ENABLE_OBJC_ARC" = "YES";
"CLANG_CXX_LIBRARY" = "libc++";
"CLANG_WARN__DUPLICATE_METHOD_MATCH" = "YES";
"SDKROOT" = "iphoneos";
"CLANG_CXX_LANGUAGE_STANDARD" = "gnu++0x";
"CODE_SIGN_IDENTITY" = "iPhone Distribution";
"CLANG_WARN_BOOL_CONVERSION" = "YES";
"CLANG_WARN_UNREACHABLE_CODE" = "YES";
"ENABLE_STRICT_OBJC_MSGSEND" = "YES";
"CLANG_WARN_ENUM_CONVERSION" = "YES";
"GCC_WARN_64_TO_32_BIT_CONVERSION" = "YES";
"GCC_WARN_UNINITIALIZED_AUTOS" = "YES_AGGRESSIVE";
"CLANG_WARN_EMPTY_BODY" = "YES";
"GCC_WARN_ABOUT_RETURN_TYPE" = "YES_ERROR";
"OTHER_SWIFT_FLAGS" = "-DPROD -DJB";
"GCC_WARN_UNUSED_VARIABLE" = "YES";
"GCC_C_LANGUAGE_STANDARD" = "gnu99";
"CLANG_ENABLE_MODULES" = "YES";
"GCC_NO_COMMON_BLOCKS" = "YES";
"CLANG_WARN_INT_CONVERSION" = "YES";
"MTL_ENABLE_DEBUG_INFO" = "NO";
"TARGETED_DEVICE_FAMILY" = "1,2";
"ALWAYS_SEARCH_USER_PATHS" = "NO";
"COPY_PHASE_STRIP" = "NO";
"CLANG_WARN_CONSTANT_CONVERSION" = "YES";
"CLANG_WARN_OBJC_ROOT_CLASS" = "YES_ERROR";
"VALIDATE_PRODUCT" = "YES";
"PROVISIONING_PROFILE" = "aed0641d-8f3b-401f-83ad-2c2acd63175f";
"GCC_WARN_UNUSED_FUNCTION" = "YES";
"DEBUG_INFORMATION_FORMAT" = "dwarf-with-dsym";
"IPHONEOS_DEPLOYMENT_TARGET" = "8.4";
"GCC_WARN_UNDECLARED_SELECTOR" = "YES";
 };
"name" = "PROD-JB";
 };
"88BD709E1B9E88AE00192AAA" = { "isa" = "XCConfigurationList";
"defaultConfigurationIsVisible" = "0";
"defaultConfigurationName" = "QA-JB";
"buildConfigurations" = ( "88CEA0691B9EA4F800F0A895","88A8E9531B9F4B070032C910","88A8E9501B9F4AF50032C910","88A8E9561B9F4B0A0032C910" );
 };
"88BD707F1B9E88AE00192AAA" = { "isa" = "PBXGroup";
"name" = "Supporting Files";
"children" = ( "88BD70801B9E88AE00192AAA" );
"sourceTree" = "<group>";
 };
"88BD707A1B9E88AE00192AAA" = { "isa" = "PBXResourcesBuildPhase";
"buildActionMask" = "2147483647";
"files" = ( "88BD70871B9E88AE00192AAA","88BD708C1B9E88AE00192AAA","88BD70891B9E88AE00192AAA" );
"runOnlyForDeploymentPostprocessing" = "0";
 };
"88BD70951B9E88AE00192AAA" = { "isa" = "PBXGroup";
"name" = "Supporting Files";
"children" = ( "88BD70961B9E88AE00192AAA" );
"sourceTree" = "<group>";
 };
"88BD70811B9E88AE00192AAA" = { "path" = "AppDelegate.swift";
"isa" = "PBXFileReference";
"lastKnownFileType" = "sourcecode.swift";
"sourceTree" = "<group>";
 };
"88BD70901B9E88AE00192AAA" = { "productType" = "com.apple.product-type.bundle.unit-test";
"productReference" = "88BD70911B9E88AE00192AAA";
"buildConfigurationList" = "88BD709E1B9E88AE00192AAA";
"productName" = "FastlaneDemoTests";
"isa" = "PBXNativeTarget";
"buildPhases" = ( "88BD708D1B9E88AE00192AAA","88BD708E1B9E88AE00192AAA","88BD708F1B9E88AE00192AAA" );
"dependencies" = ( "88BD70931B9E88AE00192AAA" );
"name" = "FastlaneDemoTests";
"buildRules" = (  );
 };
"88A8E9521B9F4B070032C910" = { "isa" = "XCBuildConfiguration";
"buildSettings" = { "CODE_SIGN_RESOURCE_RULES_PATH[sdk=*]" = "$(SDKROOT)/ResourceRules.plist";
"LD_RUNPATH_SEARCH_PATHS" = "$(inherited) @executable_path/Frameworks";
"INFOPLIST_FILE" = "FastlaneDemo/Info.plist";
"SCHEME_BUNDLE_ID" = "com.sk.qa.FastlaneDemo";
"PROVISIONING_PROFILE" = "f3cf766c-5dd0-4553-8ae9-26934b00b7b8";
"ASSETCATALOG_COMPILER_APPICON_NAME" = "AppIcon";
"PRODUCT_NAME" = "QA S/K";
 };
"name" = "QA-SK";
 };
"88BD70861B9E88AE00192AAA" = { "path" = "Base.lproj/Main.storyboard";
"isa" = "PBXFileReference";
"name" = "Base";
"lastKnownFileType" = "file.storyboard";
"sourceTree" = "<group>";
 };
"88BD708F1B9E88AE00192AAA" = { "isa" = "PBXResourcesBuildPhase";
"buildActionMask" = "2147483647";
"files" = (  );
"runOnlyForDeploymentPostprocessing" = "0";
 };
"88BD708A1B9E88AE00192AAA" = { "isa" = "PBXVariantGroup";
"name" = "LaunchScreen.xib";
"children" = ( "88BD708B1B9E88AE00192AAA" );
"sourceTree" = "<group>";
 };
"88BD707B1B9E88AE00192AAA" = { "productType" = "com.apple.product-type.application";
"productReference" = "88BD707C1B9E88AE00192AAA";
"buildConfigurationList" = "88BD709B1B9E88AE00192AAA";
"productName" = "FastlaneDemo";
"isa" = "PBXNativeTarget";
"buildPhases" = ( "88BD70781B9E88AE00192AAA","88BD70791B9E88AE00192AAA","88BD707A1B9E88AE00192AAA" );
"dependencies" = (  );
"name" = "FastlaneDemo";
"buildRules" = (  );
 };
"88A8E9541B9F4B0A0032C910" = { "isa" = "XCBuildConfiguration";
"buildSettings" = { "ENABLE_NS_ASSERTIONS" = "NO";
"SCHEME_BUNDLE_ID" = "com.jsb.FastlaneDemo";
"CLANG_WARN_DIRECT_OBJC_ISA_USAGE" = "YES_ERROR";
"CLANG_ENABLE_OBJC_ARC" = "YES";
"CLANG_CXX_LIBRARY" = "libc++";
"CLANG_WARN__DUPLICATE_METHOD_MATCH" = "YES";
"SDKROOT" = "iphoneos";
"CLANG_CXX_LANGUAGE_STANDARD" = "gnu++0x";
"CODE_SIGN_IDENTITY" = "iPhone Distribution";
"CLANG_WARN_BOOL_CONVERSION" = "YES";
"CLANG_WARN_UNREACHABLE_CODE" = "YES";
"ENABLE_STRICT_OBJC_MSGSEND" = "YES";
"CLANG_WARN_ENUM_CONVERSION" = "YES";
"GCC_WARN_64_TO_32_BIT_CONVERSION" = "YES";
"GCC_WARN_UNINITIALIZED_AUTOS" = "YES_AGGRESSIVE";
"CLANG_WARN_EMPTY_BODY" = "YES";
"GCC_WARN_ABOUT_RETURN_TYPE" = "YES_ERROR";
"OTHER_SWIFT_FLAGS" = "-DPROD -DJSB";
"GCC_WARN_UNUSED_VARIABLE" = "YES";
"GCC_C_LANGUAGE_STANDARD" = "gnu99";
"CLANG_ENABLE_MODULES" = "YES";
"GCC_NO_COMMON_BLOCKS" = "YES";
"CLANG_WARN_INT_CONVERSION" = "YES";
"MTL_ENABLE_DEBUG_INFO" = "NO";
"TARGETED_DEVICE_FAMILY" = "1,2";
"ALWAYS_SEARCH_USER_PATHS" = "NO";
"COPY_PHASE_STRIP" = "NO";
"CLANG_WARN_CONSTANT_CONVERSION" = "YES";
"CLANG_WARN_OBJC_ROOT_CLASS" = "YES_ERROR";
"VALIDATE_PRODUCT" = "YES";
"PROVISIONING_PROFILE" = "aed0641d-8f3b-401f-83ad-2c2acd63175f";
"GCC_WARN_UNUSED_FUNCTION" = "YES";
"DEBUG_INFORMATION_FORMAT" = "dwarf-with-dsym";
"IPHONEOS_DEPLOYMENT_TARGET" = "8.4";
"GCC_WARN_UNDECLARED_SELECTOR" = "YES";
 };
"name" = "PROD-SK";
 };
"88BD70911B9E88AE00192AAA" = { "path" = "FastlaneDemoTests.xctest";
"isa" = "PBXFileReference";
"includeInIndex" = "0";
"explicitFileType" = "wrapper.cfbundle";
"sourceTree" = "BUILT_PRODUCTS_DIR";
 };
"88BD70771B9E88AE00192AAA" = { "isa" = "XCConfigurationList";
"defaultConfigurationIsVisible" = "0";
"defaultConfigurationName" = "QA-JB";
"buildConfigurations" = ( "88CEA0671B9EA4F800F0A895","88A8E9511B9F4B070032C910","88A8E94E1B9F4AF50032C910","88A8E9541B9F4B0A0032C910" );
 };
"88A8E9531B9F4B070032C910" = { "isa" = "XCBuildConfiguration";
"buildSettings" = { "CODE_SIGN_RESOURCE_RULES_PATH[sdk=*]" = "$(SDKROOT)/ResourceRules.plist";
"FRAMEWORK_SEARCH_PATHS" = ( "$(SDKROOT)/Developer/Library/Frameworks","$(inherited)" );
"TEST_HOST" = "$(BUILT_PRODUCTS_DIR)/FastlaneDemo.app/FastlaneDemo";
"LD_RUNPATH_SEARCH_PATHS" = "$(inherited) @executable_path/Frameworks @loader_path/Frameworks";
"INFOPLIST_FILE" = "FastlaneDemoTests/Info.plist";
"PROVISIONING_PROFILE" = "f3cf766c-5dd0-4553-8ae9-26934b00b7b8";
"BUNDLE_LOADER" = "$(TEST_HOST)";
"PRODUCT_NAME" = "$(TARGET_NAME)";
 };
"name" = "QA-SK";
 };
"88A8E94F1B9F4AF50032C910" = { "isa" = "XCBuildConfiguration";
"buildSettings" = { "CODE_SIGN_RESOURCE_RULES_PATH[sdk=*]" = "$(SDKROOT)/ResourceRules.plist";
"LD_RUNPATH_SEARCH_PATHS" = "$(inherited) @executable_path/Frameworks";
"INFOPLIST_FILE" = "FastlaneDemo/Info.plist";
"SCHEME_BUNDLE_ID" = "com.jesseblack.prod.FastlaneDemo";
"PROVISIONING_PROFILE" = "f3cf766c-5dd0-4553-8ae9-26934b00b7b8";
"ASSETCATALOG_COMPILER_APPICON_NAME" = "AppIcon";
"PRODUCT_NAME" = "PROD JB";
 };
"name" = "PROD-JB";
 };
"88BD70961B9E88AE00192AAA" = { "path" = "Info.plist";
"isa" = "PBXFileReference";
"lastKnownFileType" = "text.plist.xml";
"sourceTree" = "<group>";
 };
"88BD708B1B9E88AE00192AAA" = { "path" = "Base.lproj/LaunchScreen.xib";
"isa" = "PBXFileReference";
"name" = "Base";
"lastKnownFileType" = "file.xib";
"sourceTree" = "<group>";
 };
"88A8E9501B9F4AF50032C910" = { "isa" = "XCBuildConfiguration";
"buildSettings" = { "CODE_SIGN_RESOURCE_RULES_PATH[sdk=*]" = "$(SDKROOT)/ResourceRules.plist";
"FRAMEWORK_SEARCH_PATHS" = ( "$(SDKROOT)/Developer/Library/Frameworks","$(inherited)" );
"TEST_HOST" = "$(BUILT_PRODUCTS_DIR)/FastlaneDemo.app/FastlaneDemo";
"LD_RUNPATH_SEARCH_PATHS" = "$(inherited) @executable_path/Frameworks @loader_path/Frameworks";
"INFOPLIST_FILE" = "FastlaneDemoTests/Info.plist";
"PROVISIONING_PROFILE" = "f3cf766c-5dd0-4553-8ae9-26934b00b7b8";
"BUNDLE_LOADER" = "$(TEST_HOST)";
"PRODUCT_NAME" = "$(TARGET_NAME)";
 };
"name" = "PROD-JB";
 };
"88BD70871B9E88AE00192AAA" = { "isa" = "PBXBuildFile";
"fileRef" = "88BD70851B9E88AE00192AAA";
 };
"88BD70731B9E88AE00192AAA" = { "isa" = "PBXGroup";
"sourceTree" = "<group>";
"children" = ( "88BD707E1B9E88AE00192AAA","88BD70941B9E88AE00192AAA","88BD707D1B9E88AE00192AAA" );
 };
"88BD70821B9E88AE00192AAA" = { "isa" = "PBXBuildFile";
"fileRef" = "88BD70811B9E88AE00192AAA";
 };
"88BD70781B9E88AE00192AAA" = { "isa" = "PBXSourcesBuildPhase";
"buildActionMask" = "2147483647";
"files" = ( "88BD70841B9E88AE00192AAA","88BD70821B9E88AE00192AAA" );
"runOnlyForDeploymentPostprocessing" = "0";
 };
"88BD709B1B9E88AE00192AAA" = { "isa" = "XCConfigurationList";
"defaultConfigurationIsVisible" = "0";
"defaultConfigurationName" = "QA-JB";
"buildConfigurations" = ( "88CEA0681B9EA4F800F0A895","88A8E9521B9F4B070032C910","88A8E94F1B9F4AF50032C910","88A8E9551B9F4B0A0032C910" );
 };
"88BD707C1B9E88AE00192AAA" = { "path" = "QA JB.app";
"isa" = "PBXFileReference";
"includeInIndex" = "0";
"explicitFileType" = "wrapper.application";
"sourceTree" = "BUILT_PRODUCTS_DIR";
 };
"88BD70881B9E88AE00192AAA" = { "path" = "Images.xcassets";
"isa" = "PBXFileReference";
"lastKnownFileType" = "folder.assetcatalog";
"sourceTree" = "<group>";
 };
"88BD70921B9E88AE00192AAA" = { "isa" = "PBXContainerItemProxy";
"containerPortal" = "88BD70741B9E88AE00192AAA";
"remoteGlobalIDString" = "88BD707B1B9E88AE00192AAA";
"remoteInfo" = "FastlaneDemo";
"proxyType" = "1";
 };
"88BD70971B9E88AE00192AAA" = { "path" = "FastlaneDemoTests.swift";
"isa" = "PBXFileReference";
"lastKnownFileType" = "sourcecode.swift";
"sourceTree" = "<group>";
 };
"88A8E9551B9F4B0A0032C910" = { "isa" = "XCBuildConfiguration";
"buildSettings" = { "CODE_SIGN_RESOURCE_RULES_PATH[sdk=*]" = "$(SDKROOT)/ResourceRules.plist";
"LD_RUNPATH_SEARCH_PATHS" = "$(inherited) @executable_path/Frameworks";
"INFOPLIST_FILE" = "FastlaneDemo/Info.plist";
"SCHEME_BUNDLE_ID" = "com.sk.prod.FastlaneDemo";
"PROVISIONING_PROFILE" = "f3cf766c-5dd0-4553-8ae9-26934b00b7b8";
"ASSETCATALOG_COMPILER_APPICON_NAME" = "AppIcon";
"PRODUCT_NAME" = "PROD S/K";
 };
"name" = "PROD-SK";
 };
"88CEA0671B9EA4F800F0A895" = { "isa" = "XCBuildConfiguration";
"buildSettings" = { "ENABLE_NS_ASSERTIONS" = "NO";
"SCHEME_BUNDLE_ID" = "com.jesseblack.FastlaneDemo";
"CLANG_WARN_DIRECT_OBJC_ISA_USAGE" = "YES_ERROR";
"CLANG_ENABLE_OBJC_ARC" = "YES";
"CLANG_CXX_LIBRARY" = "libc++";
"CLANG_WARN__DUPLICATE_METHOD_MATCH" = "YES";
"SDKROOT" = "iphoneos";
"CLANG_CXX_LANGUAGE_STANDARD" = "gnu++0x";
"CODE_SIGN_IDENTITY" = "iPhone Distribution";
"CLANG_WARN_BOOL_CONVERSION" = "YES";
"CLANG_WARN_UNREACHABLE_CODE" = "YES";
"ENABLE_STRICT_OBJC_MSGSEND" = "YES";
"CLANG_WARN_ENUM_CONVERSION" = "YES";
"GCC_WARN_64_TO_32_BIT_CONVERSION" = "YES";
"GCC_WARN_UNINITIALIZED_AUTOS" = "YES_AGGRESSIVE";
"CLANG_WARN_EMPTY_BODY" = "YES";
"GCC_WARN_ABOUT_RETURN_TYPE" = "YES_ERROR";
"OTHER_SWIFT_FLAGS" = "-DQA -DJB";
"GCC_WARN_UNUSED_VARIABLE" = "YES";
"GCC_C_LANGUAGE_STANDARD" = "gnu99";
"CLANG_ENABLE_MODULES" = "YES";
"GCC_NO_COMMON_BLOCKS" = "YES";
"CLANG_WARN_INT_CONVERSION" = "YES";
"MTL_ENABLE_DEBUG_INFO" = "NO";
"TARGETED_DEVICE_FAMILY" = "1,2";
"ALWAYS_SEARCH_USER_PATHS" = "NO";
"COPY_PHASE_STRIP" = "NO";
"CLANG_WARN_CONSTANT_CONVERSION" = "YES";
"CLANG_WARN_OBJC_ROOT_CLASS" = "YES_ERROR";
"VALIDATE_PRODUCT" = "YES";
"PROVISIONING_PROFILE" = "aed0641d-8f3b-401f-83ad-2c2acd63175f";
"GCC_WARN_UNUSED_FUNCTION" = "YES";
"DEBUG_INFORMATION_FORMAT" = "dwarf-with-dsym";
"IPHONEOS_DEPLOYMENT_TARGET" = "8.4";
"GCC_WARN_UNDECLARED_SELECTOR" = "YES";
 };
"name" = "QA-JB";
 };
"88BD707D1B9E88AE00192AAA" = { "isa" = "PBXGroup";
"name" = "Products";
"children" = ( "88BD707C1B9E88AE00192AAA","88BD70911B9E88AE00192AAA" );
"sourceTree" = "<group>";
 };
"88BD708C1B9E88AE00192AAA" = { "isa" = "PBXBuildFile";
"fileRef" = "88BD708A1B9E88AE00192AAA";
 };
"88BD70981B9E88AE00192AAA" = { "isa" = "PBXBuildFile";
"fileRef" = "88BD70971B9E88AE00192AAA";
 };
"88A8E9561B9F4B0A0032C910" = { "isa" = "XCBuildConfiguration";
"buildSettings" = { "CODE_SIGN_RESOURCE_RULES_PATH[sdk=*]" = "$(SDKROOT)/ResourceRules.plist";
"FRAMEWORK_SEARCH_PATHS" = ( "$(SDKROOT)/Developer/Library/Frameworks","$(inherited)" );
"TEST_HOST" = "$(BUILT_PRODUCTS_DIR)/FastlaneDemo.app/FastlaneDemo";
"LD_RUNPATH_SEARCH_PATHS" = "$(inherited) @executable_path/Frameworks @loader_path/Frameworks";
"INFOPLIST_FILE" = "FastlaneDemoTests/Info.plist";
"PROVISIONING_PROFILE" = "f3cf766c-5dd0-4553-8ae9-26934b00b7b8";
"BUNDLE_LOADER" = "$(TEST_HOST)";
"PRODUCT_NAME" = "$(TARGET_NAME)";
 };
"name" = "PROD-SK";
 };
"88BD70791B9E88AE00192AAA" = { "isa" = "PBXFrameworksBuildPhase";
"buildActionMask" = "2147483647";
"files" = (  );
"runOnlyForDeploymentPostprocessing" = "0";
 };
"88BD70741B9E88AE00192AAA" = { "buildConfigurationList" = "88BD70771B9E88AE00192AAA";
"targets" = ( "88BD707B1B9E88AE00192AAA","88BD70901B9E88AE00192AAA" );
"developmentRegion" = "English";
"knownRegions" = ( "en","Base" );
"isa" = "PBXProject";
"compatibilityVersion" = "Xcode 3.2";
"productRefGroup" = "88BD707D1B9E88AE00192AAA";
"projectDirPath" = "";
"attributes" = { "LastUpgradeCheck" = "0640";
"TargetAttributes" = { "88BD707B1B9E88AE00192AAA" = { "CreatedOnToolsVersion" = "6.4";
 };
"88BD70901B9E88AE00192AAA" = { "TestTargetID" = "88BD707B1B9E88AE00192AAA";
"CreatedOnToolsVersion" = "6.4";
 };
 };
"ORGANIZATIONNAME" = "Jesse Black";
 };
"hasScannedForEncodings" = "0";
"projectRoot" = "";
"mainGroup" = "88BD70731B9E88AE00192AAA";
 };
"88BD70831B9E88AE00192AAA" = { "path" = "ViewController.swift";
"isa" = "PBXFileReference";
"lastKnownFileType" = "sourcecode.swift";
"sourceTree" = "<group>";
 };
"88CEA0681B9EA4F800F0A895" = { "isa" = "XCBuildConfiguration";
"buildSettings" = { "CODE_SIGN_RESOURCE_RULES_PATH[sdk=*]" = "$(SDKROOT)/ResourceRules.plist";
"LD_RUNPATH_SEARCH_PATHS" = "$(inherited) @executable_path/Frameworks";
"INFOPLIST_FILE" = "FastlaneDemo/Info.plist";
"SCHEME_BUNDLE_ID" = "com.jesseblack.qa.FastlaneDemo";
"PROVISIONING_PROFILE" = "f3cf766c-5dd0-4553-8ae9-26934b00b7b8";
"ASSETCATALOG_COMPILER_APPICON_NAME" = "AppIcon";
"PRODUCT_NAME" = "QA JB";
 };
"name" = "QA-JB";
 };
"88BD708D1B9E88AE00192AAA" = { "isa" = "PBXSourcesBuildPhase";
"buildActionMask" = "2147483647";
"files" = ( "88BD70981B9E88AE00192AAA" );
"runOnlyForDeploymentPostprocessing" = "0";
 };
"88BD70891B9E88AE00192AAA" = { "isa" = "PBXBuildFile";
"fileRef" = "88BD70881B9E88AE00192AAA";
 };
"88BD70841B9E88AE00192AAA" = { "isa" = "PBXBuildFile";
"fileRef" = "88BD70831B9E88AE00192AAA";
 };
"88BD70931B9E88AE00192AAA" = { "isa" = "PBXTargetDependency";
"target" = "88BD707B1B9E88AE00192AAA";
"targetProxy" = "88BD70921B9E88AE00192AAA";
 };
"88BD707E1B9E88AE00192AAA" = { "path" = "FastlaneDemo";
"isa" = "PBXGroup";
"children" = ( "88BD70811B9E88AE00192AAA","88BD70831B9E88AE00192AAA","88BD70851B9E88AE00192AAA","88BD70881B9E88AE00192AAA","88BD708A1B9E88AE00192AAA","88BD707F1B9E88AE00192AAA" );
"sourceTree" = "<group>";
 };
 };
"rootObject" = "88BD70741B9E88AE00192AAA";
 }